// !$*UTF8*$!
{
	archiveVersion = 1;
	classes = {
	};
	objectVersion = 46;
	objects = {

/* Begin PBXBuildFile section */
		2723AD151CAE8CBC005D7FDE /* ShinobiCharts.framework in Frameworks */ = {isa = PBXBuildFile; fileRef = 2723AD141CAE8CBC005D7FDE /* ShinobiCharts.framework */; };
		2723AD171CAE8D08005D7FDE /* Chart+Styling.swift in Sources */ = {isa = PBXBuildFile; fileRef = 2723AD161CAE8D08005D7FDE /* Chart+Styling.swift */; };
		2723AD191CAEAFDA005D7FDE /* CrosshairController.swift in Sources */ = {isa = PBXBuildFile; fileRef = 2723AD181CAEAFDA005D7FDE /* CrosshairController.swift */; };
		274A2FFA1CBB9FD200418494 /* CrosshairPositionContext.swift in Sources */ = {isa = PBXBuildFile; fileRef = 274A2FF91CBB9FD200418494 /* CrosshairPositionContext.swift */; };
		274A30001CBBA85400418494 /* TVChart.swift in Sources */ = {isa = PBXBuildFile; fileRef = 274A2FFF1CBBA85400418494 /* TVChart.swift */; };
		279AF1621CAE797200C2E0C0 /* AppDelegate.swift in Sources */ = {isa = PBXBuildFile; fileRef = 279AF1611CAE797200C2E0C0 /* AppDelegate.swift */; };
		279AF1641CAE797200C2E0C0 /* ViewController.swift in Sources */ = {isa = PBXBuildFile; fileRef = 279AF1631CAE797200C2E0C0 /* ViewController.swift */; };
		279AF1671CAE797200C2E0C0 /* Main.storyboard in Resources */ = {isa = PBXBuildFile; fileRef = 279AF1651CAE797200C2E0C0 /* Main.storyboard */; };
		279AF1691CAE797200C2E0C0 /* Assets.xcassets in Resources */ = {isa = PBXBuildFile; fileRef = 279AF1681CAE797200C2E0C0 /* Assets.xcassets */; };
		279AF1731CAE79F900C2E0C0 /* libc++.tbd in Frameworks */ = {isa = PBXBuildFile; fileRef = 279AF1721CAE79F900C2E0C0 /* libc++.tbd */; };
		279AF1771CAE7BD200C2E0C0 /* ChartDatasource.swift in Sources */ = {isa = PBXBuildFile; fileRef = 279AF1761CAE7BD200C2E0C0 /* ChartDatasource.swift */; };
/* End PBXBuildFile section */

/* Begin PBXFileReference section */
		2723AD141CAE8CBC005D7FDE /* ShinobiCharts.framework */ = {isa = PBXFileReference; lastKnownFileType = wrapper.framework; path = ShinobiCharts.framework; sourceTree = SOURCE_ROOT; };
		2723AD161CAE8D08005D7FDE /* Chart+Styling.swift */ = {isa = PBXFileReference; fileEncoding = 4; lastKnownFileType = sourcecode.swift; path = "Chart+Styling.swift"; sourceTree = "<group>"; };
		2723AD181CAEAFDA005D7FDE /* CrosshairController.swift */ = {isa = PBXFileReference; fileEncoding = 4; lastKnownFileType = sourcecode.swift; path = CrosshairController.swift; sourceTree = "<group>"; };
		274A2FF91CBB9FD200418494 /* CrosshairPositionContext.swift */ = {isa = PBXFileReference; fileEncoding = 4; lastKnownFileType = sourcecode.swift; path = CrosshairPositionContext.swift; sourceTree = "<group>"; };
		274A2FFF1CBBA85400418494 /* TVChart.swift */ = {isa = PBXFileReference; fileEncoding = 4; lastKnownFileType = sourcecode.swift; name = TVChart.swift; path = ../TVChart.swift; sourceTree = "<group>"; };
		279AF15E1CAE797200C2E0C0 /* ChartsOnTV.app */ = {isa = PBXFileReference; explicitFileType = wrapper.application; includeInIndex = 0; path = ChartsOnTV.app; sourceTree = BUILT_PRODUCTS_DIR; };
		279AF1611CAE797200C2E0C0 /* AppDelegate.swift */ = {isa = PBXFileReference; lastKnownFileType = sourcecode.swift; path = AppDelegate.swift; sourceTree = "<group>"; };
		279AF1631CAE797200C2E0C0 /* ViewController.swift */ = {isa = PBXFileReference; lastKnownFileType = sourcecode.swift; path = ViewController.swift; sourceTree = "<group>"; };
		279AF1661CAE797200C2E0C0 /* Base */ = {isa = PBXFileReference; lastKnownFileType = file.storyboard; name = Base; path = Base.lproj/Main.storyboard; sourceTree = "<group>"; };
		279AF1681CAE797200C2E0C0 /* Assets.xcassets */ = {isa = PBXFileReference; lastKnownFileType = folder.assetcatalog; path = Assets.xcassets; sourceTree = "<group>"; };
		279AF16A1CAE797200C2E0C0 /* Info.plist */ = {isa = PBXFileReference; lastKnownFileType = text.plist.xml; path = Info.plist; sourceTree = "<group>"; };
		279AF1721CAE79F900C2E0C0 /* libc++.tbd */ = {isa = PBXFileReference; lastKnownFileType = "sourcecode.text-based-dylib-definition"; name = "libc++.tbd"; path = "usr/lib/libc++.tbd"; sourceTree = SDKROOT; };
		279AF1761CAE7BD200C2E0C0 /* ChartDatasource.swift */ = {isa = PBXFileReference; fileEncoding = 4; lastKnownFileType = sourcecode.swift; path = ChartDatasource.swift; sourceTree = "<group>"; };
/* End PBXFileReference section */

/* Begin PBXFrameworksBuildPhase section */
		279AF15B1CAE797200C2E0C0 /* Frameworks */ = {
			isa = PBXFrameworksBuildPhase;
			buildActionMask = 2147483647;
			files = (
				2723AD151CAE8CBC005D7FDE /* ShinobiCharts.framework in Frameworks */,
				279AF1731CAE79F900C2E0C0 /* libc++.tbd in Frameworks */,
			);
			runOnlyForDeploymentPostprocessing = 0;
		};
/* End PBXFrameworksBuildPhase section */

/* Begin PBXGroup section */
		27269BDD1CAE7F8400FF2A06 /* Frameworks */ = {
			isa = PBXGroup;
			children = (
				2723AD141CAE8CBC005D7FDE /* ShinobiCharts.framework */,
				279AF1721CAE79F900C2E0C0 /* libc++.tbd */,
			);
			name = Frameworks;
			sourceTree = "<group>";
		};
		27269BE41CAE80C800FF2A06 /* Styling */ = {
			isa = PBXGroup;
			children = (
				2723AD161CAE8D08005D7FDE /* Chart+Styling.swift */,
			);
			name = Styling;
			sourceTree = "<group>";
		};
		274A2FFB1CBBA7A000418494 /* Gesture Handlers */ = {
			isa = PBXGroup;
			children = (
				274A30011CBBB74800418494 /* Crosshair */,
			);
			name = "Gesture Handlers";
			sourceTree = "<group>";
		};
		274A30011CBBB74800418494 /* Crosshair */ = {
			isa = PBXGroup;
			children = (
				2723AD181CAEAFDA005D7FDE /* CrosshairController.swift */,
				274A2FF91CBB9FD200418494 /* CrosshairPositionContext.swift */,
			);
			name = Crosshair;
			sourceTree = "<group>";
		};
		279AF1551CAE797200C2E0C0 = {
			isa = PBXGroup;
			children = (
				279AF1601CAE797200C2E0C0 /* ChartsOnTV */,
				279AF15F1CAE797200C2E0C0 /* Products */,
			);
			sourceTree = "<group>";
		};
		279AF15F1CAE797200C2E0C0 /* Products */ = {
			isa = PBXGroup;
			children = (
				279AF15E1CAE797200C2E0C0 /* ChartsOnTV.app */,
			);
			name = Products;
			sourceTree = "<group>";
		};
		279AF1601CAE797200C2E0C0 /* ChartsOnTV */ = {
			isa = PBXGroup;
			children = (
				27EBF1321CC1114F0070349B /* Data Sources */,
				27269BDD1CAE7F8400FF2A06 /* Frameworks */,
				279AF1611CAE797200C2E0C0 /* AppDelegate.swift */,
				279AF1631CAE797200C2E0C0 /* ViewController.swift */,
				274A2FFF1CBBA85400418494 /* TVChart.swift */,
				274A2FFB1CBBA7A000418494 /* Gesture Handlers */,
				27269BE41CAE80C800FF2A06 /* Styling */,
				279AF1651CAE797200C2E0C0 /* Main.storyboard */,
				279AF1681CAE797200C2E0C0 /* Assets.xcassets */,
				279AF16A1CAE797200C2E0C0 /* Info.plist */,
			);
			path = ChartsOnTV;
			sourceTree = "<group>";
		};
		27EBF1321CC1114F0070349B /* Data Sources */ = {
			isa = PBXGroup;
			children = (
				279AF1761CAE7BD200C2E0C0 /* ChartDatasource.swift */,
			);
			name = "Data Sources";
			sourceTree = "<group>";
		};
/* End PBXGroup section */

/* Begin PBXNativeTarget section */
		279AF15D1CAE797200C2E0C0 /* ChartsOnTV */ = {
			isa = PBXNativeTarget;
			buildConfigurationList = 279AF16D1CAE797200C2E0C0 /* Build configuration list for PBXNativeTarget "ChartsOnTV" */;
			buildPhases = (
				279AF15A1CAE797200C2E0C0 /* Sources */,
				279AF15B1CAE797200C2E0C0 /* Frameworks */,
				279AF15C1CAE797200C2E0C0 /* Resources */,
			);
			buildRules = (
			);
			dependencies = (
			);
			name = ChartsOnTV;
			productName = ChartsOnTV;
			productReference = 279AF15E1CAE797200C2E0C0 /* ChartsOnTV.app */;
			productType = "com.apple.product-type.application";
		};
/* End PBXNativeTarget section */

/* Begin PBXProject section */
		279AF1561CAE797200C2E0C0 /* Project object */ = {
			isa = PBXProject;
			attributes = {
				LastSwiftUpdateCheck = 0730;
				LastUpgradeCheck = 0730;
				ORGANIZATIONNAME = ShinobiControls;
				TargetAttributes = {
					279AF15D1CAE797200C2E0C0 = {
						CreatedOnToolsVersion = 7.3;
					};
				};
			};
			buildConfigurationList = 279AF1591CAE797200C2E0C0 /* Build configuration list for PBXProject "ChartsOnTV" */;
			compatibilityVersion = "Xcode 3.2";
			developmentRegion = English;
			hasScannedForEncodings = 0;
			knownRegions = (
				en,
				Base,
			);
			mainGroup = 279AF1551CAE797200C2E0C0;
			productRefGroup = 279AF15F1CAE797200C2E0C0 /* Products */;
			projectDirPath = "";
			projectRoot = "";
			targets = (
				279AF15D1CAE797200C2E0C0 /* ChartsOnTV */,
			);
		};
/* End PBXProject section */

/* Begin PBXResourcesBuildPhase section */
		279AF15C1CAE797200C2E0C0 /* Resources */ = {
			isa = PBXResourcesBuildPhase;
			buildActionMask = 2147483647;
			files = (
				279AF1691CAE797200C2E0C0 /* Assets.xcassets in Resources */,
				279AF1671CAE797200C2E0C0 /* Main.storyboard in Resources */,
			);
			runOnlyForDeploymentPostprocessing = 0;
		};
/* End PBXResourcesBuildPhase section */

/* Begin PBXSourcesBuildPhase section */
		279AF15A1CAE797200C2E0C0 /* Sources */ = {
			isa = PBXSourcesBuildPhase;
			buildActionMask = 2147483647;
			files = (
				2723AD191CAEAFDA005D7FDE /* CrosshairController.swift in Sources */,
				2723AD171CAE8D08005D7FDE /* Chart+Styling.swift in Sources */,
				279AF1641CAE797200C2E0C0 /* ViewController.swift in Sources */,
				279AF1621CAE797200C2E0C0 /* AppDelegate.swift in Sources */,
				274A30001CBBA85400418494 /* TVChart.swift in Sources */,
				279AF1771CAE7BD200C2E0C0 /* ChartDatasource.swift in Sources */,
				274A2FFA1CBB9FD200418494 /* CrosshairPositionContext.swift in Sources */,
			);
			runOnlyForDeploymentPostprocessing = 0;
		};
/* End PBXSourcesBuildPhase section */

/* Begin PBXVariantGroup section */
		279AF1651CAE797200C2E0C0 /* Main.storyboard */ = {
			isa = PBXVariantGroup;
			children = (
				279AF1661CAE797200C2E0C0 /* Base */,
			);
			name = Main.storyboard;
			sourceTree = "<group>";
		};
/* End PBXVariantGroup section */

/* Begin XCBuildConfiguration section */
		279AF16B1CAE797200C2E0C0 /* Debug */ = {
			isa = XCBuildConfiguration;
			buildSettings = {
				ALWAYS_SEARCH_USER_PATHS = NO;
				CLANG_ANALYZER_NONNULL = YES;
				CLANG_CXX_LANGUAGE_STANDARD = "gnu++0x";
				CLANG_CXX_LIBRARY = "libc++";
				CLANG_ENABLE_MODULES = YES;
				CLANG_ENABLE_OBJC_ARC = YES;
				CLANG_WARN_BOOL_CONVERSION = YES;
				CLANG_WARN_CONSTANT_CONVERSION = YES;
				CLANG_WARN_DIRECT_OBJC_ISA_USAGE = YES_ERROR;
				CLANG_WARN_EMPTY_BODY = YES;
				CLANG_WARN_ENUM_CONVERSION = YES;
				CLANG_WARN_INT_CONVERSION = YES;
				CLANG_WARN_OBJC_ROOT_CLASS = YES_ERROR;
				CLANG_WARN_UNREACHABLE_CODE = YES;
				CLANG_WARN__DUPLICATE_METHOD_MATCH = YES;
				COPY_PHASE_STRIP = NO;
				DEBUG_INFORMATION_FORMAT = dwarf;
				ENABLE_STRICT_OBJC_MSGSEND = YES;
				ENABLE_TESTABILITY = YES;
				GCC_C_LANGUAGE_STANDARD = gnu99;
				GCC_DYNAMIC_NO_PIC = NO;
				GCC_NO_COMMON_BLOCKS = YES;
				GCC_OPTIMIZATION_LEVEL = 0;
				GCC_PREPROCESSOR_DEFINITIONS = (
					"DEBUG=1",
					"$(inherited)",
				);
				GCC_WARN_64_TO_32_BIT_CONVERSION = YES;
				GCC_WARN_ABOUT_RETURN_TYPE = YES_ERROR;
				GCC_WARN_UNDECLARED_SELECTOR = YES;
				GCC_WARN_UNINITIALIZED_AUTOS = YES_AGGRESSIVE;
				GCC_WARN_UNUSED_FUNCTION = YES;
				GCC_WARN_UNUSED_VARIABLE = YES;
				MTL_ENABLE_DEBUG_INFO = YES;
				ONLY_ACTIVE_ARCH = YES;
				SDKROOT = appletvos;
				SWIFT_OPTIMIZATION_LEVEL = "-Onone";
				TARGETED_DEVICE_FAMILY = 3;
				TVOS_DEPLOYMENT_TARGET = 9.2;
			};
			name = Debug;
		};
		279AF16C1CAE797200C2E0C0 /* Release */ = {
			isa = XCBuildConfiguration;
			buildSettings = {
				ALWAYS_SEARCH_USER_PATHS = NO;
				CLANG_ANALYZER_NONNULL = YES;
				CLANG_CXX_LANGUAGE_STANDARD = "gnu++0x";
				CLANG_CXX_LIBRARY = "libc++";
				CLANG_ENABLE_MODULES = YES;
				CLANG_ENABLE_OBJC_ARC = YES;
				CLANG_WARN_BOOL_CONVERSION = YES;
				CLANG_WARN_CONSTANT_CONVERSION = YES;
				CLANG_WARN_DIRECT_OBJC_ISA_USAGE = YES_ERROR;
				CLANG_WARN_EMPTY_BODY = YES;
				CLANG_WARN_ENUM_CONVERSION = YES;
				CLANG_WARN_INT_CONVERSION = YES;
				CLANG_WARN_OBJC_ROOT_CLASS = YES_ERROR;
				CLANG_WARN_UNREACHABLE_CODE = YES;
				CLANG_WARN__DUPLICATE_METHOD_MATCH = YES;
				COPY_PHASE_STRIP = NO;
				DEBUG_INFORMATION_FORMAT = "dwarf-with-dsym";
				ENABLE_NS_ASSERTIONS = NO;
				ENABLE_STRICT_OBJC_MSGSEND = YES;
				GCC_C_LANGUAGE_STANDARD = gnu99;
				GCC_NO_COMMON_BLOCKS = YES;
				GCC_WARN_64_TO_32_BIT_CONVERSION = YES;
				GCC_WARN_ABOUT_RETURN_TYPE = YES_ERROR;
				GCC_WARN_UNDECLARED_SELECTOR = YES;
				GCC_WARN_UNINITIALIZED_AUTOS = YES_AGGRESSIVE;
				GCC_WARN_UNUSED_FUNCTION = YES;
				GCC_WARN_UNUSED_VARIABLE = YES;
				MTL_ENABLE_DEBUG_INFO = NO;
				SDKROOT = appletvos;
				TARGETED_DEVICE_FAMILY = 3;
				TVOS_DEPLOYMENT_TARGET = 9.2;
				VALIDATE_PRODUCT = YES;
			};
			name = Release;
		};
		279AF16E1CAE797200C2E0C0 /* Debug */ = {
			isa = XCBuildConfiguration;
			buildSettings = {
				ASSETCATALOG_COMPILER_APPICON_NAME = "App Icon & Top Shelf Image";
				ASSETCATALOG_COMPILER_LAUNCHIMAGE_NAME = LaunchImage;
				FRAMEWORK_SEARCH_PATHS = (
					"$(inherited)",
					"$(PROJECT_DIR)/ChartsOnTV",
					"$(PROJECT_DIR)",
				);
				INFOPLIST_FILE = ChartsOnTV/Info.plist;
				LD_RUNPATH_SEARCH_PATHS = "$(inherited) @executable_path/Frameworks";
				PRODUCT_BUNDLE_IDENTIFIER = com.shinobicontrols.ChartsOnTV;
				PRODUCT_NAME = "$(TARGET_NAME)";
				SWIFT_OBJC_BRIDGING_HEADER = "ShinobiCharts.framework/Headers/ShinobiChart-Bridging-Header.h";
			};
			name = Debug;
		};
		279AF16F1CAE797200C2E0C0 /* Release */ = {
			isa = XCBuildConfiguration;
			buildSettings = {
				ASSETCATALOG_COMPILER_APPICON_NAME = "App Icon & Top Shelf Image";
				ASSETCATALOG_COMPILER_LAUNCHIMAGE_NAME = LaunchImage;
				FRAMEWORK_SEARCH_PATHS = (
					"$(inherited)",
					"$(PROJECT_DIR)/ChartsOnTV",
					"$(PROJECT_DIR)",
				);
				INFOPLIST_FILE = ChartsOnTV/Info.plist;
				LD_RUNPATH_SEARCH_PATHS = "$(inherited) @executable_path/Frameworks";
				PRODUCT_BUNDLE_IDENTIFIER = com.shinobicontrols.ChartsOnTV;
				PRODUCT_NAME = "$(TARGET_NAME)";
				SWIFT_OBJC_BRIDGING_HEADER = "ShinobiCharts.framework/Headers/ShinobiChart-Bridging-Header.h";
			};
			name = Release;
		};
/* End XCBuildConfiguration section */

/* Begin XCConfigurationList section */
		279AF1591CAE797200C2E0C0 /* Build configuration list for PBXProject "ChartsOnTV" */ = {
			isa = XCConfigurationList;
			buildConfigurations = (
				279AF16B1CAE797200C2E0C0 /* Debug */,
				279AF16C1CAE797200C2E0C0 /* Release */,
			);
			defaultConfigurationIsVisible = 0;
			defaultConfigurationName = Release;
		};
		279AF16D1CAE797200C2E0C0 /* Build configuration list for PBXNativeTarget "ChartsOnTV" */ = {
			isa = XCConfigurationList;
			buildConfigurations = (
				279AF16E1CAE797200C2E0C0 /* Debug */,
				279AF16F1CAE797200C2E0C0 /* Release */,
			);
			defaultConfigurationIsVisible = 0;
			defaultConfigurationName = Release;
		};
/* End XCConfigurationList section */
	};
	rootObject = 279AF1561CAE797200C2E0C0 /* Project object */;
}
